github.com/frjo/hugo-theme-zen/v6 v6.3.0 h1:iNPfLJUCGQrlvVXFLcuIhrQEdFC7d++83Kq5keR+z3c=
github.com/frjo/hugo-theme-zen/v6 v6.3.0/go.mod h1:xQmX1GLOAfm0vnscAErU2zvQSjfLLN6ieZTRgLW3UNA=
github.com/frjo/hugo-theme-zen/v6 v6.4.0 h1:qSuSmq59+7lUZuBq7Ir6labGYcMCMh2qavQJa7ojQac=
github.com/frjo/hugo-theme-zen/v6 v6.4.0/go.mod h1:xQmX1GLOAfm0vnscAErU2zvQSjfLLN6ieZTRgLW3UNA=
